
Microsoft Visual Studio Solution File, Format Version 12.00
# Visual Studio Version 17
VisualStudioVersion = 17.2.32630.192
MinimumVisualStudioVersion = 10.0.40219.1
Project("{8BC9CEB8-8B4A-11D0-8D11-00A0C91BC942}") = "Project1", "Project1\Project1.vcxproj", "{D53173C1-FE31-476F-96C9-8CB0FC39A839}"
EndProject
Global
	GlobalSection(SolutionConfigurationPlatforms) = preSolution
		Debug|x64 = Debug|x64
		Debug|x86 = Debug|x86
		Release|x64 = Release|x64
		Release|x86 = Release|x86
	EndGlobalSection
	GlobalSection(ProjectConfigurationPlatforms) = postSolution
		{D53173C1-FE31-476F-96C9-8CB0FC39A839}.Debug|x64.ActiveCfg = Debug|x64
		{D53173C1-FE31-476F-96C9-8CB0FC39A839}.Debug|x64.Build.0 = Debug|x64
		{D53173C1-FE31-476F-96C9-8CB0FC39A839}.Debug|x86.ActiveCfg = Debug|Win32
		{D53173C1-FE31-476F-96C9-8CB0FC39A839}.Debug|x86.Build.0 = Debug|Win32
		{D53173C1-FE31-476F-96C9-8CB0FC39A839}.Release|x64.ActiveCfg = Release|x64
		{D53173C1-FE31-476F-96C9-8CB0FC39A839}.Release|x64.Build.0 = Release|x64
		{D53173C1-FE31-476F-96C9-8CB0FC39A839}.Release|x86.ActiveCfg = Release|Win32
		{D53173C1-FE31-476F-96C9-8CB0FC39A839}.Release|x86.Build.0 = Release|Win32
	EndGlobalSection
	GlobalSection(SolutionProperties) = preSolution
		HideSolutionNode = FALSE
	EndGlobalSection
	GlobalSection(ExtensibilityGlobals) = postSolution
		SolutionGuid = {701CA2EB-9C8C-47B1-BF2B-009B8B44FAD8}
	EndGlobalSection
EndGlobal
